
Microsoft Visual Studio Solution File, Format Version 12.00
Project("{FAE04EC0-301F-11D3-BF4B-00C04F79EFBC}") = "StreamKey.Api", "StreamKey.Api\StreamKey.Api.csproj", "{ED21CF0E-4022-4E71-932E-D35893E1FBEC}"
EndProject
Project("{FAE04EC0-301F-11D3-BF4B-00C04F79EFBC}") = "StreamKey.Core", "StreamKey.Core\StreamKey.Core.csproj", "{3355CBA7-57AF-4EA6-BC34-A3FFCAB56D7D}"
EndProject
Project("{2150E333-8FDC-42A3-9474-1A3956D46DE8}") = "Solution Items", "Solution Items", "{9B8E3A27-3687-4639-BB16-75BDB0D3F850}"
	ProjectSection(SolutionItems) = preProject
		compose.yml = compose.yml
		compose-hub.yml = compose-hub.yml
		nginx.conf = nginx.conf
		.gitignore = .gitignore
		.env = .env
		ParserExtension.dll = ParserExtension.dll
	EndProjectSection
EndProject
Project("{FAE04EC0-301F-11D3-BF4B-00C04F79EFBC}") = "StreamKey.Infrastructure", "StreamKey.Infrastructure\StreamKey.Infrastructure.csproj", "{8CCC4B09-2D7C-403F-B5EC-57FDE8F21B48}"
EndProject
Project("{FAE04EC0-301F-11D3-BF4B-00C04F79EFBC}") = "StreamKey.Shared", "StreamKey.Shared\StreamKey.Shared.csproj", "{06BB995C-D184-4695-B574-3AF214BCC095}"
EndProject
Project("{FAE04EC0-301F-11D3-BF4B-00C04F79EFBC}") = "StreamKey.Hub", "StreamKey.Hub\StreamKey.Hub.csproj", "{B58BEE87-8D62-4958-848A-E5CBE4246C7A}"
EndProject
Global
	GlobalSection(SolutionConfigurationPlatforms) = preSolution
		Debug|Any CPU = Debug|Any CPU
		Release|Any CPU = Release|Any CPU
	EndGlobalSection
	GlobalSection(ProjectConfigurationPlatforms) = postSolution
		{ED21CF0E-4022-4E71-932E-D35893E1FBEC}.Debug|Any CPU.ActiveCfg = Debug|Any CPU
		{ED21CF0E-4022-4E71-932E-D35893E1FBEC}.Debug|Any CPU.Build.0 = Debug|Any CPU
		{ED21CF0E-4022-4E71-932E-D35893E1FBEC}.Release|Any CPU.ActiveCfg = Release|Any CPU
		{ED21CF0E-4022-4E71-932E-D35893E1FBEC}.Release|Any CPU.Build.0 = Release|Any CPU
		{3355CBA7-57AF-4EA6-BC34-A3FFCAB56D7D}.Debug|Any CPU.ActiveCfg = Debug|Any CPU
		{3355CBA7-57AF-4EA6-BC34-A3FFCAB56D7D}.Debug|Any CPU.Build.0 = Debug|Any CPU
		{3355CBA7-57AF-4EA6-BC34-A3FFCAB56D7D}.Release|Any CPU.ActiveCfg = Release|Any CPU
		{3355CBA7-57AF-4EA6-BC34-A3FFCAB56D7D}.Release|Any CPU.Build.0 = Release|Any CPU
		{8CCC4B09-2D7C-403F-B5EC-57FDE8F21B48}.Debug|Any CPU.ActiveCfg = Debug|Any CPU
		{8CCC4B09-2D7C-403F-B5EC-57FDE8F21B48}.Debug|Any CPU.Build.0 = Debug|Any CPU
		{8CCC4B09-2D7C-403F-B5EC-57FDE8F21B48}.Release|Any CPU.ActiveCfg = Release|Any CPU
		{8CCC4B09-2D7C-403F-B5EC-57FDE8F21B48}.Release|Any CPU.Build.0 = Release|Any CPU
		{06BB995C-D184-4695-B574-3AF214BCC095}.Debug|Any CPU.ActiveCfg = Debug|Any CPU
		{06BB995C-D184-4695-B574-3AF214BCC095}.Debug|Any CPU.Build.0 = Debug|Any CPU
		{06BB995C-D184-4695-B574-3AF214BCC095}.Release|Any CPU.ActiveCfg = Release|Any CPU
		{06BB995C-D184-4695-B574-3AF214BCC095}.Release|Any CPU.Build.0 = Release|Any CPU
		{B58BEE87-8D62-4958-848A-E5CBE4246C7A}.Debug|Any CPU.ActiveCfg = Debug|Any CPU
		{B58BEE87-8D62-4958-848A-E5CBE4246C7A}.Debug|Any CPU.Build.0 = Debug|Any CPU
		{B58BEE87-8D62-4958-848A-E5CBE4246C7A}.Release|Any CPU.ActiveCfg = Release|Any CPU
		{B58BEE87-8D62-4958-848A-E5CBE4246C7A}.Release|Any CPU.Build.0 = Release|Any CPU
	EndGlobalSection
EndGlobal
